
Microsoft Visual Studio Solution File, Format Version 12.00
# Visual Studio Version 17
VisualStudioVersion = 17.9.34723.18
MinimumVisualStudioVersion = 10.0.40219.1
Project("{FAE04EC0-301F-11D3-BF4B-00C04F79EFBC}") = "WebApp", "WebApp\WebApp.csproj", "{1B1F2721-2FA7-4A10-88E3-F8B92BF21EF2}"
EndProject
Global
	GlobalSection(SolutionConfigurationPlatforms) = preSolution
		Debug|Any CPU = Debug|Any CPU
		Release|Any CPU = Release|Any CPU
	EndGlobalSection
	GlobalSection(ProjectConfigurationPlatforms) = postSolution
		{1B1F2721-2FA7-4A10-88E3-F8B92BF21EF2}.Debug|Any CPU.ActiveCfg = Debug|Any CPU
		{1B1F2721-2FA7-4A10-88E3-F8B92BF21EF2}.Debug|Any CPU.Build.0 = Debug|Any CPU
		{1B1F2721-2FA7-4A10-88E3-F8B92BF21EF2}.Release|Any CPU.ActiveCfg = Release|Any CPU
		{1B1F2721-2FA7-4A10-88E3-F8B92BF21EF2}.Release|Any CPU.Build.0 = Release|Any CPU
	EndGlobalSection
	GlobalSection(SolutionProperties) = preSolution
		HideSolutionNode = FALSE
	EndGlobalSection
	GlobalSection(ExtensibilityGlobals) = postSolution
		SolutionGuid = {5152D6B3-1ECC-4B37-B3D6-CBACF4FEE7D5}
	EndGlobalSection
EndGlobal
