
Microsoft Visual Studio Solution File, Format Version 12.00
# Visual Studio Version 17
VisualStudioVersion = 17.10.35013.160
MinimumVisualStudioVersion = 10.0.40219.1
Project("{FAE04EC0-301F-11D3-BF4B-00C04F79EFBC}") = "AI_Assisted_App", "AI_Assisted_App\AI_Assisted_App.csproj", "{2D2D0208-C79A-43B0-BA17-00BD93327E61}"
EndProject
Project("{FAE04EC0-301F-11D3-BF4B-00C04F79EFBC}") = "MediatorLibrary", "MediatorLibrary\MediatorLibrary.csproj", "{A08C3CAA-E6E0-4292-879F-3302A227C2DB}"
EndProject
Global
	GlobalSection(SolutionConfigurationPlatforms) = preSolution
		Debug|Any CPU = Debug|Any CPU
		Release|Any CPU = Release|Any CPU
	EndGlobalSection
	GlobalSection(ProjectConfigurationPlatforms) = postSolution
		{2D2D0208-C79A-43B0-BA17-00BD93327E61}.Debug|Any CPU.ActiveCfg = Debug|Any CPU
		{2D2D0208-C79A-43B0-BA17-00BD93327E61}.Debug|Any CPU.Build.0 = Debug|Any CPU
		{2D2D0208-C79A-43B0-BA17-00BD93327E61}.Release|Any CPU.ActiveCfg = Release|Any CPU
		{2D2D0208-C79A-43B0-BA17-00BD93327E61}.Release|Any CPU.Build.0 = Release|Any CPU
		{A08C3CAA-E6E0-4292-879F-3302A227C2DB}.Debug|Any CPU.ActiveCfg = Debug|Any CPU
		{A08C3CAA-E6E0-4292-879F-3302A227C2DB}.Debug|Any CPU.Build.0 = Debug|Any CPU
		{A08C3CAA-E6E0-4292-879F-3302A227C2DB}.Release|Any CPU.ActiveCfg = Release|Any CPU
		{A08C3CAA-E6E0-4292-879F-3302A227C2DB}.Release|Any CPU.Build.0 = Release|Any CPU
	EndGlobalSection
	GlobalSection(SolutionProperties) = preSolution
		HideSolutionNode = FALSE
	EndGlobalSection
	GlobalSection(ExtensibilityGlobals) = postSolution
		SolutionGuid = {E9732BEF-F99A-42F9-8848-62CFD72C2BF4}
	EndGlobalSection
EndGlobal
